
Microsoft Visual Studio Solution File, Format Version 12.00
# Visual Studio 15
VisualStudioVersion = 15.0.28307.168
MinimumVisualStudioVersion = 10.0.40219.1
Project("{FAE04EC0-301F-11D3-BF4B-00C04F79EFBC}") = "Item Master Core", "Item Master Core\Item Master Core.csproj", "{05303C5E-B9AC-4092-B6CC-45C4D4688C1B}"
EndProject
Project("{FAE04EC0-301F-11D3-BF4B-00C04F79EFBC}") = "PricingProject", "PricingProject\PricingProject.csproj", "{0C53DF93-1E0E-4A4A-9DCF-B5F57748D0C3}"
EndProject
Project("{FAE04EC0-301F-11D3-BF4B-00C04F79EFBC}") = "Launchpad", "Launchpad\Launchpad.csproj", "{E7D7B5B6-45BF-4BB2-8FE1-DD6ED4706719}"
EndProject
Project("{FAE04EC0-301F-11D3-BF4B-00C04F79EFBC}") = "FileUploadService", "FileUploadService\FileUploadService.csproj", "{1BAB6519-6B09-41E0-A5E5-44412CBD37D4}"
EndProject
Global
	GlobalSection(SolutionConfigurationPlatforms) = preSolution
		Debug|Any CPU = Debug|Any CPU
		Release|Any CPU = Release|Any CPU
	EndGlobalSection
	GlobalSection(ProjectConfigurationPlatforms) = postSolution
		{05303C5E-B9AC-4092-B6CC-45C4D4688C1B}.Debug|Any CPU.ActiveCfg = Debug|Any CPU
		{05303C5E-B9AC-4092-B6CC-45C4D4688C1B}.Debug|Any CPU.Build.0 = Debug|Any CPU
		{05303C5E-B9AC-4092-B6CC-45C4D4688C1B}.Release|Any CPU.ActiveCfg = Release|Any CPU
		{05303C5E-B9AC-4092-B6CC-45C4D4688C1B}.Release|Any CPU.Build.0 = Release|Any CPU
		{0C53DF93-1E0E-4A4A-9DCF-B5F57748D0C3}.Debug|Any CPU.ActiveCfg = Debug|Any CPU
		{0C53DF93-1E0E-4A4A-9DCF-B5F57748D0C3}.Debug|Any CPU.Build.0 = Debug|Any CPU
		{0C53DF93-1E0E-4A4A-9DCF-B5F57748D0C3}.Release|Any CPU.ActiveCfg = Release|Any CPU
		{0C53DF93-1E0E-4A4A-9DCF-B5F57748D0C3}.Release|Any CPU.Build.0 = Release|Any CPU
		{E7D7B5B6-45BF-4BB2-8FE1-DD6ED4706719}.Debug|Any CPU.ActiveCfg = Debug|Any CPU
		{E7D7B5B6-45BF-4BB2-8FE1-DD6ED4706719}.Debug|Any CPU.Build.0 = Debug|Any CPU
		{E7D7B5B6-45BF-4BB2-8FE1-DD6ED4706719}.Release|Any CPU.ActiveCfg = Release|Any CPU
		{E7D7B5B6-45BF-4BB2-8FE1-DD6ED4706719}.Release|Any CPU.Build.0 = Release|Any CPU
		{1BAB6519-6B09-41E0-A5E5-44412CBD37D4}.Debug|Any CPU.ActiveCfg = Debug|Any CPU
		{1BAB6519-6B09-41E0-A5E5-44412CBD37D4}.Debug|Any CPU.Build.0 = Debug|Any CPU
		{1BAB6519-6B09-41E0-A5E5-44412CBD37D4}.Release|Any CPU.ActiveCfg = Release|Any CPU
		{1BAB6519-6B09-41E0-A5E5-44412CBD37D4}.Release|Any CPU.Build.0 = Release|Any CPU
	EndGlobalSection
	GlobalSection(SolutionProperties) = preSolution
		HideSolutionNode = FALSE
	EndGlobalSection
	GlobalSection(ExtensibilityGlobals) = postSolution
		SolutionGuid = {565D4F90-2204-45DF-8C42-F03BA084B8D3}
	EndGlobalSection
EndGlobal
